
Microsoft Visual Studio Solution File, Format Version 12.00
# Visual Studio 15
Project("{FAE04EC0-301F-11D3-BF4B-00C04F79EFBC}") = "Unity.2D.Welcome", "Unity.2D.Welcome.csproj", "{D13EF0CB-1D2D-BA63-485D-7FD94D1F9325}"
EndProject
Global
	GlobalSection(SolutionConfigurationPlatforms) = preSolution
		Debug|Any CPU = Debug|Any CPU
		Release|Any CPU = Release|Any CPU
	EndGlobalSection
	GlobalSection(ProjectConfigurationPlatforms) = postSolution
		{D13EF0CB-1D2D-BA63-485D-7FD94D1F9325}.Debug|Any CPU.ActiveCfg = Debug|Any CPU
		{D13EF0CB-1D2D-BA63-485D-7FD94D1F9325}.Debug|Any CPU.Build.0 = Debug|Any CPU
		{D13EF0CB-1D2D-BA63-485D-7FD94D1F9325}.Release|Any CPU.ActiveCfg = Release|Any CPU
		{D13EF0CB-1D2D-BA63-485D-7FD94D1F9325}.Release|Any CPU.Build.0 = Release|Any CPU
	EndGlobalSection
	GlobalSection(SolutionProperties) = preSolution
		HideSolutionNode = FALSE
	EndGlobalSection
EndGlobal
